
Microsoft Visual Studio Solution File, Format Version 12.00
# Visual Studio Version 17
VisualStudioVersion = 17.8.34330.188
MinimumVisualStudioVersion = 10.0.40219.1
Project("{FAE04EC0-301F-11D3-BF4B-00C04F79EFBC}") = "SimpleCalculator", "SimpleCalculator\SimpleCalculator.csproj", "{FA0A472D-2A00-4AC7-B9EB-A6B8B6CCF11A}"
EndProject
Project("{FAE04EC0-301F-11D3-BF4B-00C04F79EFBC}") = "SimpleCalculator.Test.Unit", "SimpleCalculator.Test.Unit\SimpleCalculator.Test.Unit.csproj", "{53EBAB24-12BE-46D1-BBEC-A051C46DC498}"
EndProject
Global
	GlobalSection(SolutionConfigurationPlatforms) = preSolution
		Debug|Any CPU = Debug|Any CPU
		Release|Any CPU = Release|Any CPU
	EndGlobalSection
	GlobalSection(ProjectConfigurationPlatforms) = postSolution
		{FA0A472D-2A00-4AC7-B9EB-A6B8B6CCF11A}.Debug|Any CPU.ActiveCfg = Debug|Any CPU
		{FA0A472D-2A00-4AC7-B9EB-A6B8B6CCF11A}.Debug|Any CPU.Build.0 = Debug|Any CPU
		{FA0A472D-2A00-4AC7-B9EB-A6B8B6CCF11A}.Release|Any CPU.ActiveCfg = Release|Any CPU
		{FA0A472D-2A00-4AC7-B9EB-A6B8B6CCF11A}.Release|Any CPU.Build.0 = Release|Any CPU
		{53EBAB24-12BE-46D1-BBEC-A051C46DC498}.Debug|Any CPU.ActiveCfg = Debug|Any CPU
		{53EBAB24-12BE-46D1-BBEC-A051C46DC498}.Debug|Any CPU.Build.0 = Debug|Any CPU
		{53EBAB24-12BE-46D1-BBEC-A051C46DC498}.Release|Any CPU.ActiveCfg = Release|Any CPU
		{53EBAB24-12BE-46D1-BBEC-A051C46DC498}.Release|Any CPU.Build.0 = Release|Any CPU
	EndGlobalSection
	GlobalSection(SolutionProperties) = preSolution
		HideSolutionNode = FALSE
	EndGlobalSection
	GlobalSection(ExtensibilityGlobals) = postSolution
		SolutionGuid = {915F9585-3187-46D8-9F27-56F9C2E0F73E}
	EndGlobalSection
EndGlobal
